<?xml version="1.0" encoding="utf-8"?>
<Project ToolsVersion="4.0" xmlns="http://schemas.microsoft.com/developer/msbuild/2003">
  <ItemGroup>
    <Filter Include="源文件">
      <UniqueIdentifier>{4FC737F1-C7A5-4376-A066-2A32D752A2FF}</UniqueIdentifier>
      <Extensions>cpp;c;cc;cxx;c++;cppm;ixx;def;odl;idl;hpj;bat;asm;asmx</Extensions>
    </Filter>
    <Filter Include="头文件">
      <UniqueIdentifier>{93995380-89BD-4b04-88EB-625FBE52EBFB}</UniqueIdentifier>
      <Extensions>h;hh;hpp;hxx;h++;hm;inl;inc;ipp;xsd</Extensions>
    </Filter>
    <Filter Include="资源文件">
      <UniqueIdentifier>{67DA6AB6-F800-4c08-8B7A-83BB121AAD01}</UniqueIdentifier>
      <Extensions>rc;ico;cur;bmp;dlg;rc2;rct;bin;rgs;gif;jpg;jpeg;jpe;resx;tiff;tif;png;wav;mfcribbon-ms</Extensions>
    </Filter>
    <Filter Include="源文件\imgui">
      <UniqueIdentifier>{36988b6e-d3db-432d-9960-ce6567dc7de1}</UniqueIdentifier>
    </Filter>
  </ItemGroup>
  <ItemGroup>
    <ClCompile Include="dllmain.cpp">
      <Filter>源文件</Filter>
    </ClCompile>
    <ClCompile Include="MCHooks.cpp">
      <Filter>源文件</Filter>
    </ClCompile>
    <ClCompile Include="MCPatches.cpp">
      <Filter>源文件</Filter>
    </ClCompile>
    <ClCompile Include="Options.cpp">
      <Filter>源文件</Filter>
    </ClCompile>
    <ClCompile Include="..\include\imgui\imgui.cpp">
      <Filter>源文件\imgui</Filter>
    </ClCompile>
    <ClCompile Include="..\include\imgui\imgui_demo.cpp">
      <Filter>源文件\imgui</Filter>
    </ClCompile>
    <ClCompile Include="..\include\imgui\imgui_draw.cpp">
      <Filter>源文件\imgui</Filter>
    </ClCompile>
    <ClCompile Include="..\include\imgui\imgui_tables.cpp">
      <Filter>源文件\imgui</Filter>
    </ClCompile>
    <ClCompile Include="..\include\imgui\imgui_widgets.cpp">
      <Filter>源文件\imgui</Filter>
    </ClCompile>
    <ClCompile Include="..\include\imgui\backends\imgui_impl_dx12.cpp">
      <Filter>源文件\imgui</Filter>
    </ClCompile>
    <ClCompile Include="ImGuiHooks.cpp">
      <Filter>源文件</Filter>
    </ClCompile>
    <ClCompile Include="imgui_impl_winrt.cpp">
      <Filter>源文件\imgui</Filter>
    </ClCompile>
    <ClCompile Include="Util.cpp">
      <Filter>源文件</Filter>
    </ClCompile>
    <ClCompile Include="..\include\imgui\backends\imgui_impl_dx11.cpp">
      <Filter>源文件\imgui</Filter>
    </ClCompile>
  </ItemGroup>
  <ItemGroup>
    <ClInclude Include="MCHooks.h">
      <Filter>头文件</Filter>
    </ClInclude>
    <ClInclude Include="MCPatches.h">
      <Filter>头文件</Filter>
    </ClInclude>
    <ClInclude Include="Options.h">
      <Filter>头文件</Filter>
    </ClInclude>
    <ClInclude Include="HookAPI.h">
      <Filter>头文件</Filter>
    </ClInclude>
    <ClInclude Include="ImGuiHooks.h">
      <Filter>头文件</Filter>
    </ClInclude>
    <ClInclude Include="imgui_impl_winrt.h">
      <Filter>头文件</Filter>
    </ClInclude>
    <ClInclude Include="Util.h">
      <Filter>头文件</Filter>
    </ClInclude>
    <ClInclude Include="Version.h">
      <Filter>头文件</Filter>
    </ClInclude>
  </ItemGroup>
  <ItemGroup>
    <Library Include="..\lib\detours.lib">
      <Filter>资源文件</Filter>
    </Library>
  </ItemGroup>
</Project>